# THIS IS AN AUTOGENERATED FILE. DO NOT EDIT THIS FILE DIRECTLY.
# yarn lockfile v1


lix@^15.8.6:
  version "15.8.6"
  resolved "https://registry.yarnpkg.com/lix/-/lix-15.8.6.tgz#ba7cbf84d14ca7ca4500af3c5ddcbff05a16de4b"
  integrity sha512-rHvwDuclOOigJlGJ1chplT6zEf4msh90lfmo5em8sX5UoiXcaMMN/DkO5i5TRvkxb9g8EBhFxyjZwEdU/kQCFQ==
